
Microsoft Visual Studio Solution File, Format Version 12.00
# Visual Studio Version 17
VisualStudioVersion = 17.0.32014.148
MinimumVisualStudioVersion = 10.0.40219.1
Project("{9A19103F-16F7-4668-BE54-9A1E7A4F7556}") = "bArtTest", "bArtTest\bArtTest.csproj", "{8EC4C2C1-622E-440D-8CFF-41E5E39743BA}"
EndProject
Project("{FAE04EC0-301F-11D3-BF4B-00C04F79EFBC}") = "UnitTests", "UnitTests\UnitTests.csproj", "{2094585B-9260-40B7-835A-2AD9D088C177}"
EndProject
Global
	GlobalSection(SolutionConfigurationPlatforms) = preSolution
		Debug|Any CPU = Debug|Any CPU
		Release|Any CPU = Release|Any CPU
	EndGlobalSection
	GlobalSection(ProjectConfigurationPlatforms) = postSolution
		{8EC4C2C1-622E-440D-8CFF-41E5E39743BA}.Debug|Any CPU.ActiveCfg = Debug|Any CPU
		{8EC4C2C1-622E-440D-8CFF-41E5E39743BA}.Debug|Any CPU.Build.0 = Debug|Any CPU
		{8EC4C2C1-622E-440D-8CFF-41E5E39743BA}.Release|Any CPU.ActiveCfg = Release|Any CPU
		{8EC4C2C1-622E-440D-8CFF-41E5E39743BA}.Release|Any CPU.Build.0 = Release|Any CPU
		{2094585B-9260-40B7-835A-2AD9D088C177}.Debug|Any CPU.ActiveCfg = Debug|Any CPU
		{2094585B-9260-40B7-835A-2AD9D088C177}.Debug|Any CPU.Build.0 = Debug|Any CPU
		{2094585B-9260-40B7-835A-2AD9D088C177}.Release|Any CPU.ActiveCfg = Release|Any CPU
		{2094585B-9260-40B7-835A-2AD9D088C177}.Release|Any CPU.Build.0 = Release|Any CPU
	EndGlobalSection
	GlobalSection(SolutionProperties) = preSolution
		HideSolutionNode = FALSE
	EndGlobalSection
	GlobalSection(ExtensibilityGlobals) = postSolution
		SolutionGuid = {DBE4207C-4BBD-4911-B52F-42562003CC87}
	EndGlobalSection
EndGlobal
